
Microsoft Visual Studio Solution File, Format Version 12.00
# Visual Studio Version 16
VisualStudioVersion = 16.0.31702.278
MinimumVisualStudioVersion = 10.0.40219.1
Project("{FAE04EC0-301F-11D3-BF4B-00C04F79EFBC}") = "Lab6", "Lab6.csproj", "{685941C4-CD73-4C67-B720-A5E04FF724DC}"
EndProject
Global
	GlobalSection(SolutionConfigurationPlatforms) = preSolution
		Debug|Any CPU = Debug|Any CPU
		Release|Any CPU = Release|Any CPU
	EndGlobalSection
	GlobalSection(ProjectConfigurationPlatforms) = postSolution
		{685941C4-CD73-4C67-B720-A5E04FF724DC}.Debug|Any CPU.ActiveCfg = Debug|Any CPU
		{685941C4-CD73-4C67-B720-A5E04FF724DC}.Debug|Any CPU.Build.0 = Debug|Any CPU
		{685941C4-CD73-4C67-B720-A5E04FF724DC}.Release|Any CPU.ActiveCfg = Release|Any CPU
		{685941C4-CD73-4C67-B720-A5E04FF724DC}.Release|Any CPU.Build.0 = Release|Any CPU
	EndGlobalSection
	GlobalSection(SolutionProperties) = preSolution
		HideSolutionNode = FALSE
	EndGlobalSection
	GlobalSection(ExtensibilityGlobals) = postSolution
		SolutionGuid = {DF446084-A91C-4FC3-A3EA-2943CF1C6F48}
	EndGlobalSection
EndGlobal
